
Microsoft Visual Studio Solution File, Format Version 12.00
# Visual Studio Version 17
VisualStudioVersion = 17.1.32421.90
MinimumVisualStudioVersion = 10.0.40219.1
Project("{9A19103F-16F7-4668-BE54-9A1E7A4F7556}") = "Triangle.Api", "Triangle.Api\Triangle.Api.csproj", "{34B36F4E-695D-407E-B6FA-8219CFFED8C3}"
EndProject
Project("{FAE04EC0-301F-11D3-BF4B-00C04F79EFBC}") = "Triangle.Domain", "Triangle.Domain\Triangle.Domain.csproj", "{1ACAF917-F78E-4493-9E9A-3CF16EB2B16B}"
EndProject
Project("{FAE04EC0-301F-11D3-BF4B-00C04F79EFBC}") = "Triangle.Test", "Triangle.Test\Triangle.Test.csproj", "{5F6CE9BD-2C80-4B08-BDDB-221505CCC943}"
EndProject
Global
	GlobalSection(SolutionConfigurationPlatforms) = preSolution
		Debug|Any CPU = Debug|Any CPU
		Release|Any CPU = Release|Any CPU
	EndGlobalSection
	GlobalSection(ProjectConfigurationPlatforms) = postSolution
		{34B36F4E-695D-407E-B6FA-8219CFFED8C3}.Debug|Any CPU.ActiveCfg = Debug|Any CPU
		{34B36F4E-695D-407E-B6FA-8219CFFED8C3}.Debug|Any CPU.Build.0 = Debug|Any CPU
		{34B36F4E-695D-407E-B6FA-8219CFFED8C3}.Release|Any CPU.ActiveCfg = Release|Any CPU
		{34B36F4E-695D-407E-B6FA-8219CFFED8C3}.Release|Any CPU.Build.0 = Release|Any CPU
		{1ACAF917-F78E-4493-9E9A-3CF16EB2B16B}.Debug|Any CPU.ActiveCfg = Debug|Any CPU
		{1ACAF917-F78E-4493-9E9A-3CF16EB2B16B}.Debug|Any CPU.Build.0 = Debug|Any CPU
		{1ACAF917-F78E-4493-9E9A-3CF16EB2B16B}.Release|Any CPU.ActiveCfg = Release|Any CPU
		{1ACAF917-F78E-4493-9E9A-3CF16EB2B16B}.Release|Any CPU.Build.0 = Release|Any CPU
		{5F6CE9BD-2C80-4B08-BDDB-221505CCC943}.Debug|Any CPU.ActiveCfg = Debug|Any CPU
		{5F6CE9BD-2C80-4B08-BDDB-221505CCC943}.Debug|Any CPU.Build.0 = Debug|Any CPU
		{5F6CE9BD-2C80-4B08-BDDB-221505CCC943}.Release|Any CPU.ActiveCfg = Release|Any CPU
		{5F6CE9BD-2C80-4B08-BDDB-221505CCC943}.Release|Any CPU.Build.0 = Release|Any CPU
	EndGlobalSection
	GlobalSection(SolutionProperties) = preSolution
		HideSolutionNode = FALSE
	EndGlobalSection
	GlobalSection(ExtensibilityGlobals) = postSolution
		SolutionGuid = {4BE1D67D-8708-4C79-B4DC-316A606814F1}
	EndGlobalSection
EndGlobal
